
Microsoft Visual Studio Solution File, Format Version 12.00
# Visual Studio 14
VisualStudioVersion = 14.0.25123.0
MinimumVisualStudioVersion = 10.0.40219.1
Project("{2150E333-8FDC-42A3-9474-1A3956D46DE8}") = "0 - Apresentação", "0 - Apresentação", "{C4321963-6D21-4877-99B6-907D577467AD}"
EndProject
Project("{2150E333-8FDC-42A3-9474-1A3956D46DE8}") = "1 - Aplicação", "1 - Aplicação", "{B6DF82D3-773D-4963-BA85-390FC90F48EA}"
EndProject
Project("{2150E333-8FDC-42A3-9474-1A3956D46DE8}") = "2 - Domínio", "2 - Domínio", "{D37B010D-8671-4E0E-8911-12126E032723}"
EndProject
Project("{2150E333-8FDC-42A3-9474-1A3956D46DE8}") = "3 - Presistência", "3 - Presistência", "{2D4B6346-4D1D-4D8E-A5D0-6638EFFE1C00}"
EndProject
Project("{FAE04EC0-301F-11D3-BF4B-00C04F79EFBC}") = "MVC", "MVC\MVC.csproj", "{F49A0193-001A-4426-B391-4883852A8F48}"
EndProject
Project("{FAE04EC0-301F-11D3-BF4B-00C04F79EFBC}") = "Domain", "Domain\Domain.csproj", "{E153AB2E-8E96-473E-8E8E-B1160196DCC6}"
EndProject
Project("{FAE04EC0-301F-11D3-BF4B-00C04F79EFBC}") = "Infra.Data", "Infra.Data\Infra.Data.csproj", "{19744BF7-D460-4DC9-9BB6-3A582AD8C115}"
EndProject
Project("{FAE04EC0-301F-11D3-BF4B-00C04F79EFBC}") = "Application", "Application\Application.csproj", "{D64CDB50-91F5-45B2-AC31-FE284D2D8992}"
EndProject
Global
	GlobalSection(SolutionConfigurationPlatforms) = preSolution
		Debug|Any CPU = Debug|Any CPU
		Release|Any CPU = Release|Any CPU
	EndGlobalSection
	GlobalSection(ProjectConfigurationPlatforms) = postSolution
		{F49A0193-001A-4426-B391-4883852A8F48}.Debug|Any CPU.ActiveCfg = Debug|Any CPU
		{F49A0193-001A-4426-B391-4883852A8F48}.Debug|Any CPU.Build.0 = Debug|Any CPU
		{F49A0193-001A-4426-B391-4883852A8F48}.Release|Any CPU.ActiveCfg = Release|Any CPU
		{F49A0193-001A-4426-B391-4883852A8F48}.Release|Any CPU.Build.0 = Release|Any CPU
		{E153AB2E-8E96-473E-8E8E-B1160196DCC6}.Debug|Any CPU.ActiveCfg = Debug|Any CPU
		{E153AB2E-8E96-473E-8E8E-B1160196DCC6}.Debug|Any CPU.Build.0 = Debug|Any CPU
		{E153AB2E-8E96-473E-8E8E-B1160196DCC6}.Release|Any CPU.ActiveCfg = Release|Any CPU
		{E153AB2E-8E96-473E-8E8E-B1160196DCC6}.Release|Any CPU.Build.0 = Release|Any CPU
		{19744BF7-D460-4DC9-9BB6-3A582AD8C115}.Debug|Any CPU.ActiveCfg = Debug|Any CPU
		{19744BF7-D460-4DC9-9BB6-3A582AD8C115}.Debug|Any CPU.Build.0 = Debug|Any CPU
		{19744BF7-D460-4DC9-9BB6-3A582AD8C115}.Release|Any CPU.ActiveCfg = Release|Any CPU
		{19744BF7-D460-4DC9-9BB6-3A582AD8C115}.Release|Any CPU.Build.0 = Release|Any CPU
		{D64CDB50-91F5-45B2-AC31-FE284D2D8992}.Debug|Any CPU.ActiveCfg = Debug|Any CPU
		{D64CDB50-91F5-45B2-AC31-FE284D2D8992}.Debug|Any CPU.Build.0 = Debug|Any CPU
		{D64CDB50-91F5-45B2-AC31-FE284D2D8992}.Release|Any CPU.ActiveCfg = Release|Any CPU
		{D64CDB50-91F5-45B2-AC31-FE284D2D8992}.Release|Any CPU.Build.0 = Release|Any CPU
	EndGlobalSection
	GlobalSection(SolutionProperties) = preSolution
		HideSolutionNode = FALSE
	EndGlobalSection
	GlobalSection(NestedProjects) = preSolution
		{F49A0193-001A-4426-B391-4883852A8F48} = {C4321963-6D21-4877-99B6-907D577467AD}
		{E153AB2E-8E96-473E-8E8E-B1160196DCC6} = {D37B010D-8671-4E0E-8911-12126E032723}
		{19744BF7-D460-4DC9-9BB6-3A582AD8C115} = {2D4B6346-4D1D-4D8E-A5D0-6638EFFE1C00}
		{D64CDB50-91F5-45B2-AC31-FE284D2D8992} = {B6DF82D3-773D-4963-BA85-390FC90F48EA}
	EndGlobalSection
EndGlobal
